
Microsoft Visual Studio Solution File, Format Version 12.00
# Visual Studio 15
Project("{FAE04EC0-301F-11D3-BF4B-00C04F79EFBC}") = "NavMeshComponentsTestsPlaymode", "NavMeshComponentsTestsPlaymode.csproj", "{C18BED9A-BF7F-8C7C-0EDC-07BFC3D0FB88}"
EndProject
Project("{FAE04EC0-301F-11D3-BF4B-00C04F79EFBC}") = "Assembly-CSharp", "Assembly-CSharp.csproj", "{8E4C92A9-A6A9-6EC5-D776-DE4666B0393C}"
EndProject
Project("{FAE04EC0-301F-11D3-BF4B-00C04F79EFBC}") = "NavMeshComponentsExamples", "NavMeshComponentsExamples.csproj", "{8CAFFA47-6BFD-D87E-8950-B22898F67C75}"
EndProject
Project("{FAE04EC0-301F-11D3-BF4B-00C04F79EFBC}") = "NavMeshComponents", "NavMeshComponents.csproj", "{AD6CBBD6-BC6C-C6C1-7AB3-E662A9D11241}"
EndProject
Project("{FAE04EC0-301F-11D3-BF4B-00C04F79EFBC}") = "NavMeshComponentsTestsEditmode", "NavMeshComponentsTestsEditmode.csproj", "{0396D9CF-881A-8F91-7A6F-9DCC9D84FC7E}"
EndProject
Project("{FAE04EC0-301F-11D3-BF4B-00C04F79EFBC}") = "NavMeshComponentsEditor", "NavMeshComponentsEditor.csproj", "{26A4821C-B3EE-B203-7334-B128AAA6B7C2}"
EndProject
Project("{FAE04EC0-301F-11D3-BF4B-00C04F79EFBC}") = "NavMeshComponentsExamplesEditor", "NavMeshComponentsExamplesEditor.csproj", "{BA7AFA82-F052-243F-3506-B26C405CCC6A}"
EndProject
Global
	GlobalSection(SolutionConfigurationPlatforms) = preSolution
		Debug|Any CPU = Debug|Any CPU
		Release|Any CPU = Release|Any CPU
	EndGlobalSection
	GlobalSection(ProjectConfigurationPlatforms) = postSolution
		{C18BED9A-BF7F-8C7C-0EDC-07BFC3D0FB88}.Debug|Any CPU.ActiveCfg = Debug|Any CPU
		{C18BED9A-BF7F-8C7C-0EDC-07BFC3D0FB88}.Debug|Any CPU.Build.0 = Debug|Any CPU
		{C18BED9A-BF7F-8C7C-0EDC-07BFC3D0FB88}.Release|Any CPU.ActiveCfg = Release|Any CPU
		{C18BED9A-BF7F-8C7C-0EDC-07BFC3D0FB88}.Release|Any CPU.Build.0 = Release|Any CPU
		{8E4C92A9-A6A9-6EC5-D776-DE4666B0393C}.Debug|Any CPU.ActiveCfg = Debug|Any CPU
		{8E4C92A9-A6A9-6EC5-D776-DE4666B0393C}.Debug|Any CPU.Build.0 = Debug|Any CPU
		{8E4C92A9-A6A9-6EC5-D776-DE4666B0393C}.Release|Any CPU.ActiveCfg = Release|Any CPU
		{8E4C92A9-A6A9-6EC5-D776-DE4666B0393C}.Release|Any CPU.Build.0 = Release|Any CPU
		{8CAFFA47-6BFD-D87E-8950-B22898F67C75}.Debug|Any CPU.ActiveCfg = Debug|Any CPU
		{8CAFFA47-6BFD-D87E-8950-B22898F67C75}.Debug|Any CPU.Build.0 = Debug|Any CPU
		{8CAFFA47-6BFD-D87E-8950-B22898F67C75}.Release|Any CPU.ActiveCfg = Release|Any CPU
		{8CAFFA47-6BFD-D87E-8950-B22898F67C75}.Release|Any CPU.Build.0 = Release|Any CPU
		{AD6CBBD6-BC6C-C6C1-7AB3-E662A9D11241}.Debug|Any CPU.ActiveCfg = Debug|Any CPU
		{AD6CBBD6-BC6C-C6C1-7AB3-E662A9D11241}.Debug|Any CPU.Build.0 = Debug|Any CPU
		{AD6CBBD6-BC6C-C6C1-7AB3-E662A9D11241}.Release|Any CPU.ActiveCfg = Release|Any CPU
		{AD6CBBD6-BC6C-C6C1-7AB3-E662A9D11241}.Release|Any CPU.Build.0 = Release|Any CPU
		{0396D9CF-881A-8F91-7A6F-9DCC9D84FC7E}.Debug|Any CPU.ActiveCfg = Debug|Any CPU
		{0396D9CF-881A-8F91-7A6F-9DCC9D84FC7E}.Debug|Any CPU.Build.0 = Debug|Any CPU
		{0396D9CF-881A-8F91-7A6F-9DCC9D84FC7E}.Release|Any CPU.ActiveCfg = Release|Any CPU
		{0396D9CF-881A-8F91-7A6F-9DCC9D84FC7E}.Release|Any CPU.Build.0 = Release|Any CPU
		{26A4821C-B3EE-B203-7334-B128AAA6B7C2}.Debug|Any CPU.ActiveCfg = Debug|Any CPU
		{26A4821C-B3EE-B203-7334-B128AAA6B7C2}.Debug|Any CPU.Build.0 = Debug|Any CPU
		{26A4821C-B3EE-B203-7334-B128AAA6B7C2}.Release|Any CPU.ActiveCfg = Release|Any CPU
		{26A4821C-B3EE-B203-7334-B128AAA6B7C2}.Release|Any CPU.Build.0 = Release|Any CPU
		{BA7AFA82-F052-243F-3506-B26C405CCC6A}.Debug|Any CPU.ActiveCfg = Debug|Any CPU
		{BA7AFA82-F052-243F-3506-B26C405CCC6A}.Debug|Any CPU.Build.0 = Debug|Any CPU
		{BA7AFA82-F052-243F-3506-B26C405CCC6A}.Release|Any CPU.ActiveCfg = Release|Any CPU
		{BA7AFA82-F052-243F-3506-B26C405CCC6A}.Release|Any CPU.Build.0 = Release|Any CPU
	EndGlobalSection
	GlobalSection(SolutionProperties) = preSolution
		HideSolutionNode = FALSE
	EndGlobalSection
EndGlobal
